// !$*UTF8*$!
{
	archiveVersion = 1;
	classes = {
	};
	objectVersion = 55;
	objects = {

/* Begin PBXBuildFile section */
		420946792717217A001B7101 /* AppDelegate.swift in Sources */ = {isa = PBXBuildFile; fileRef = 420946782717217A001B7101 /* AppDelegate.swift */; };
		4209467B2717217A001B7101 /* SceneDelegate.swift in Sources */ = {isa = PBXBuildFile; fileRef = 4209467A2717217A001B7101 /* SceneDelegate.swift */; };
		420946802717217A001B7101 /* Main.storyboard in Resources */ = {isa = PBXBuildFile; fileRef = 4209467E2717217A001B7101 /* Main.storyboard */; };
		420946822717217C001B7101 /* Assets.xcassets in Resources */ = {isa = PBXBuildFile; fileRef = 420946812717217C001B7101 /* Assets.xcassets */; };
		420946852717217C001B7101 /* LaunchScreen.storyboard in Resources */ = {isa = PBXBuildFile; fileRef = 420946832717217C001B7101 /* LaunchScreen.storyboard */; };
		420946902717217D001B7101 /* FallFix_AppTests.swift in Sources */ = {isa = PBXBuildFile; fileRef = 4209468F2717217D001B7101 /* FallFix_AppTests.swift */; };
		4209469A2717217D001B7101 /* FallFix_AppUITests.swift in Sources */ = {isa = PBXBuildFile; fileRef = 420946992717217D001B7101 /* FallFix_AppUITests.swift */; };
		4209469C2717217D001B7101 /* FallFix_AppUITestsLaunchTests.swift in Sources */ = {isa = PBXBuildFile; fileRef = 4209469B2717217D001B7101 /* FallFix_AppUITestsLaunchTests.swift */; };
		42B0C04427302DD200208DEB /* UserInfoVC.swift in Sources */ = {isa = PBXBuildFile; fileRef = 42B0C04327302DD100208DEB /* UserInfoVC.swift */; };
		42B0C04627302E1A00208DEB /* DirectionsVC.swift in Sources */ = {isa = PBXBuildFile; fileRef = 42B0C04527302E1A00208DEB /* DirectionsVC.swift */; };
		42B0C04827302E3400208DEB /* SitStandVC.swift in Sources */ = {isa = PBXBuildFile; fileRef = 42B0C04727302E3400208DEB /* SitStandVC.swift */; };
		42B0C04A27302E4800208DEB /* ResultsVC.swift in Sources */ = {isa = PBXBuildFile; fileRef = 42B0C04927302E4800208DEB /* ResultsVC.swift */; };
/* End PBXBuildFile section */

/* Begin PBXContainerItemProxy section */
		4209468C2717217D001B7101 /* PBXContainerItemProxy */ = {
			isa = PBXContainerItemProxy;
			containerPortal = 4209466D2717217A001B7101 /* Project object */;
			proxyType = 1;
			remoteGlobalIDString = 420946742717217A001B7101;
			remoteInfo = "FallFix App";
		};
		420946962717217D001B7101 /* PBXContainerItemProxy */ = {
			isa = PBXContainerItemProxy;
			containerPortal = 4209466D2717217A001B7101 /* Project object */;
			proxyType = 1;
			remoteGlobalIDString = 420946742717217A001B7101;
			remoteInfo = "FallFix App";
		};
/* End PBXContainerItemProxy section */

/* Begin PBXFileReference section */
		420946752717217A001B7101 /* FallFix App.app */ = {isa = PBXFileReference; explicitFileType = wrapper.application; includeInIndex = 0; path = "FallFix App.app"; sourceTree = BUILT_PRODUCTS_DIR; };
		420946782717217A001B7101 /* AppDelegate.swift */ = {isa = PBXFileReference; lastKnownFileType = sourcecode.swift; path = AppDelegate.swift; sourceTree = "<group>"; };
		4209467A2717217A001B7101 /* SceneDelegate.swift */ = {isa = PBXFileReference; lastKnownFileType = sourcecode.swift; path = SceneDelegate.swift; sourceTree = "<group>"; };
		4209467F2717217A001B7101 /* Base */ = {isa = PBXFileReference; lastKnownFileType = file.storyboard; name = Base; path = Base.lproj/Main.storyboard; sourceTree = "<group>"; };
		420946812717217C001B7101 /* Assets.xcassets */ = {isa = PBXFileReference; lastKnownFileType = folder.assetcatalog; path = Assets.xcassets; sourceTree = "<group>"; };
		420946842717217C001B7101 /* Base */ = {isa = PBXFileReference; lastKnownFileType = file.storyboard; name = Base; path = Base.lproj/LaunchScreen.storyboard; sourceTree = "<group>"; };
		420946862717217C001B7101 /* Info.plist */ = {isa = PBXFileReference; lastKnownFileType = text.plist.xml; path = Info.plist; sourceTree = "<group>"; };
		4209468B2717217D001B7101 /* FallFix AppTests.xctest */ = {isa = PBXFileReference; explicitFileType = wrapper.cfbundle; includeInIndex = 0; path = "FallFix AppTests.xctest"; sourceTree = BUILT_PRODUCTS_DIR; };
		4209468F2717217D001B7101 /* FallFix_AppTests.swift */ = {isa = PBXFileReference; lastKnownFileType = sourcecode.swift; path = FallFix_AppTests.swift; sourceTree = "<group>"; };
		420946952717217D001B7101 /* FallFix AppUITests.xctest */ = {isa = PBXFileReference; explicitFileType = wrapper.cfbundle; includeInIndex = 0; path = "FallFix AppUITests.xctest"; sourceTree = BUILT_PRODUCTS_DIR; };
		420946992717217D001B7101 /* FallFix_AppUITests.swift */ = {isa = PBXFileReference; lastKnownFileType = sourcecode.swift; path = FallFix_AppUITests.swift; sourceTree = "<group>"; };
		4209469B2717217D001B7101 /* FallFix_AppUITestsLaunchTests.swift */ = {isa = PBXFileReference; lastKnownFileType = sourcecode.swift; path = FallFix_AppUITestsLaunchTests.swift; sourceTree = "<group>"; };
		42B0C04327302DD100208DEB /* UserInfoVC.swift */ = {isa = PBXFileReference; lastKnownFileType = sourcecode.swift; path = UserInfoVC.swift; sourceTree = "<group>"; };
		42B0C04527302E1A00208DEB /* DirectionsVC.swift */ = {isa = PBXFileReference; lastKnownFileType = sourcecode.swift; path = DirectionsVC.swift; sourceTree = "<group>"; };
		42B0C04727302E3400208DEB /* SitStandVC.swift */ = {isa = PBXFileReference; lastKnownFileType = sourcecode.swift; path = SitStandVC.swift; sourceTree = "<group>"; };
		42B0C04927302E4800208DEB /* ResultsVC.swift */ = {isa = PBXFileReference; lastKnownFileType = sourcecode.swift; path = ResultsVC.swift; sourceTree = "<group>"; };
/* End PBXFileReference section */

/* Begin PBXFrameworksBuildPhase section */
		420946722717217A001B7101 /* Frameworks */ = {
			isa = PBXFrameworksBuildPhase;
			buildActionMask = 2147483647;
			files = (
			);
			runOnlyForDeploymentPostprocessing = 0;
		};
		420946882717217D001B7101 /* Frameworks */ = {
			isa = PBXFrameworksBuildPhase;
			buildActionMask = 2147483647;
			files = (
			);
			runOnlyForDeploymentPostprocessing = 0;
		};
		420946922717217D001B7101 /* Frameworks */ = {
			isa = PBXFrameworksBuildPhase;
			buildActionMask = 2147483647;
			files = (
			);
			runOnlyForDeploymentPostprocessing = 0;
		};
/* End PBXFrameworksBuildPhase section */

/* Begin PBXGroup section */
		4209466C2717217A001B7101 = {
			isa = PBXGroup;
			children = (
				420946772717217A001B7101 /* FallFix App */,
				4209468E2717217D001B7101 /* FallFix AppTests */,
				420946982717217D001B7101 /* FallFix AppUITests */,
				420946762717217A001B7101 /* Products */,
			);
			sourceTree = "<group>";
		};
		420946762717217A001B7101 /* Products */ = {
			isa = PBXGroup;
			children = (
				420946752717217A001B7101 /* FallFix App.app */,
				4209468B2717217D001B7101 /* FallFix AppTests.xctest */,
				420946952717217D001B7101 /* FallFix AppUITests.xctest */,
			);
			name = Products;
			sourceTree = "<group>";
		};
		420946772717217A001B7101 /* FallFix App */ = {
			isa = PBXGroup;
			children = (
				420946782717217A001B7101 /* AppDelegate.swift */,
				4209467A2717217A001B7101 /* SceneDelegate.swift */,
				4209467E2717217A001B7101 /* Main.storyboard */,
				42B0C04927302E4800208DEB /* ResultsVC.swift */,
				42B0C04727302E3400208DEB /* SitStandVC.swift */,
				42B0C04527302E1A00208DEB /* DirectionsVC.swift */,
				42B0C04327302DD100208DEB /* UserInfoVC.swift */,
				420946812717217C001B7101 /* Assets.xcassets */,
				420946832717217C001B7101 /* LaunchScreen.storyboard */,
				420946862717217C001B7101 /* Info.plist */,
			);
			path = "FallFix App";
			sourceTree = "<group>";
		};
		4209468E2717217D001B7101 /* FallFix AppTests */ = {
			isa = PBXGroup;
			children = (
				4209468F2717217D001B7101 /* FallFix_AppTests.swift */,
			);
			path = "FallFix AppTests";
			sourceTree = "<group>";
		};
		420946982717217D001B7101 /* FallFix AppUITests */ = {
			isa = PBXGroup;
			children = (
				420946992717217D001B7101 /* FallFix_AppUITests.swift */,
				4209469B2717217D001B7101 /* FallFix_AppUITestsLaunchTests.swift */,
			);
			path = "FallFix AppUITests";
			sourceTree = "<group>";
		};
/* End PBXGroup section */

/* Begin PBXNativeTarget section */
		420946742717217A001B7101 /* FallFix App */ = {
			isa = PBXNativeTarget;
			buildConfigurationList = 4209469F2717217D001B7101 /* Build configuration list for PBXNativeTarget "FallFix App" */;
			buildPhases = (
				420946712717217A001B7101 /* Sources */,
				420946722717217A001B7101 /* Frameworks */,
				420946732717217A001B7101 /* Resources */,
			);
			buildRules = (
			);
			dependencies = (
			);
			name = "FallFix App";
			productName = "FallFix App";
			productReference = 420946752717217A001B7101 /* FallFix App.app */;
			productType = "com.apple.product-type.application";
		};
		4209468A2717217D001B7101 /* FallFix AppTests */ = {
			isa = PBXNativeTarget;
			buildConfigurationList = 420946A22717217D001B7101 /* Build configuration list for PBXNativeTarget "FallFix AppTests" */;
			buildPhases = (
				420946872717217D001B7101 /* Sources */,
				420946882717217D001B7101 /* Frameworks */,
				420946892717217D001B7101 /* Resources */,
			);
			buildRules = (
			);
			dependencies = (
				4209468D2717217D001B7101 /* PBXTargetDependency */,
			);
			name = "FallFix AppTests";
			productName = "FallFix AppTests";
			productReference = 4209468B2717217D001B7101 /* FallFix AppTests.xctest */;
			productType = "com.apple.product-type.bundle.unit-test";
		};
		420946942717217D001B7101 /* FallFix AppUITests */ = {
			isa = PBXNativeTarget;
			buildConfigurationList = 420946A52717217D001B7101 /* Build configuration list for PBXNativeTarget "FallFix AppUITests" */;
			buildPhases = (
				420946912717217D001B7101 /* Sources */,
				420946922717217D001B7101 /* Frameworks */,
				420946932717217D001B7101 /* Resources */,
			);
			buildRules = (
			);
			dependencies = (
				420946972717217D001B7101 /* PBXTargetDependency */,
			);
			name = "FallFix AppUITests";
			productName = "FallFix AppUITests";
			productReference = 420946952717217D001B7101 /* FallFix AppUITests.xctest */;
			productType = "com.apple.product-type.bundle.ui-testing";
		};
/* End PBXNativeTarget section */

/* Begin PBXProject section */
		4209466D2717217A001B7101 /* Project object */ = {
			isa = PBXProject;
			attributes = {
				BuildIndependentTargetsInParallel = 1;
				LastSwiftUpdateCheck = 1300;
				LastUpgradeCheck = 1300;
				TargetAttributes = {
					420946742717217A001B7101 = {
						CreatedOnToolsVersion = 13.0;
					};
					4209468A2717217D001B7101 = {
						CreatedOnToolsVersion = 13.0;
						TestTargetID = 420946742717217A001B7101;
					};
					420946942717217D001B7101 = {
						CreatedOnToolsVersion = 13.0;
						TestTargetID = 420946742717217A001B7101;
					};
				};
			};
			buildConfigurationList = 420946702717217A001B7101 /* Build configuration list for PBXProject "FallFix App" */;
			compatibilityVersion = "Xcode 13.0";
			developmentRegion = en;
			hasScannedForEncodings = 0;
			knownRegions = (
				en,
				Base,
			);
			mainGroup = 4209466C2717217A001B7101;
			productRefGroup = 420946762717217A001B7101 /* Products */;
			projectDirPath = "";
			projectRoot = "";
			targets = (
				420946742717217A001B7101 /* FallFix App */,
				4209468A2717217D001B7101 /* FallFix AppTests */,
				420946942717217D001B7101 /* FallFix AppUITests */,
			);
		};
/* End PBXProject section */

/* Begin PBXResourcesBuildPhase section */
		420946732717217A001B7101 /* Resources */ = {
			isa = PBXResourcesBuildPhase;
			buildActionMask = 2147483647;
			files = (
				420946852717217C001B7101 /* LaunchScreen.storyboard in Resources */,
				420946822717217C001B7101 /* Assets.xcassets in Resources */,
				420946802717217A001B7101 /* Main.storyboard in Resources */,
			);
			runOnlyForDeploymentPostprocessing = 0;
		};
		420946892717217D001B7101 /* Resources */ = {
			isa = PBXResourcesBuildPhase;
			buildActionMask = 2147483647;
			files = (
			);
			runOnlyForDeploymentPostprocessing = 0;
		};
		420946932717217D001B7101 /* Resources */ = {
			isa = PBXResourcesBuildPhase;
			buildActionMask = 2147483647;
			files = (
			);
			runOnlyForDeploymentPostprocessing = 0;
		};
/* End PBXResourcesBuildPhase section */

/* Begin PBXSourcesBuildPhase section */
		420946712717217A001B7101 /* Sources */ = {
			isa = PBXSourcesBuildPhase;
			buildActionMask = 2147483647;
			files = (
				420946792717217A001B7101 /* AppDelegate.swift in Sources */,
				42B0C04A27302E4800208DEB /* ResultsVC.swift in Sources */,
				42B0C04827302E3400208DEB /* SitStandVC.swift in Sources */,
				4209467B2717217A001B7101 /* SceneDelegate.swift in Sources */,
				42B0C04627302E1A00208DEB /* DirectionsVC.swift in Sources */,
				42B0C04427302DD200208DEB /* UserInfoVC.swift in Sources */,
			);
			runOnlyForDeploymentPostprocessing = 0;
		};
		420946872717217D001B7101 /* Sources */ = {
			isa = PBXSourcesBuildPhase;
			buildActionMask = 2147483647;
			files = (
				420946902717217D001B7101 /* FallFix_AppTests.swift in Sources */,
			);
			runOnlyForDeploymentPostprocessing = 0;
		};
		420946912717217D001B7101 /* Sources */ = {
			isa = PBXSourcesBuildPhase;
			buildActionMask = 2147483647;
			files = (
				4209469A2717217D001B7101 /* FallFix_AppUITests.swift in Sources */,
				4209469C2717217D001B7101 /* FallFix_AppUITestsLaunchTests.swift in Sources */,
			);
			runOnlyForDeploymentPostprocessing = 0;
		};
/* End PBXSourcesBuildPhase section */

/* Begin PBXTargetDependency section */
		4209468D2717217D001B7101 /* PBXTargetDependency */ = {
			isa = PBXTargetDependency;
			target = 420946742717217A001B7101 /* FallFix App */;
			targetProxy = 4209468C2717217D001B7101 /* PBXContainerItemProxy */;
		};
		420946972717217D001B7101 /* PBXTargetDependency */ = {
			isa = PBXTargetDependency;
			target = 420946742717217A001B7101 /* FallFix App */;
			targetProxy = 420946962717217D001B7101 /* PBXContainerItemProxy */;
		};
/* End PBXTargetDependency section */

/* Begin PBXVariantGroup section */
		4209467E2717217A001B7101 /* Main.storyboard */ = {
			isa = PBXVariantGroup;
			children = (
				4209467F2717217A001B7101 /* Base */,
			);
			name = Main.storyboard;
			sourceTree = "<group>";
		};
		420946832717217C001B7101 /* LaunchScreen.storyboard */ = {
			isa = PBXVariantGroup;
			children = (
				420946842717217C001B7101 /* Base */,
			);
			name = LaunchScreen.storyboard;
			sourceTree = "<group>";
		};
/* End PBXVariantGroup section */

/* Begin XCBuildConfiguration section */
		4209469D2717217D001B7101 /* Debug */ = {
			isa = XCBuildConfiguration;
			buildSettings = {
				ALWAYS_SEARCH_USER_PATHS = NO;
				CLANG_ANALYZER_NONNULL = YES;
				CLANG_ANALYZER_NUMBER_OBJECT_CONVERSION = YES_AGGRESSIVE;
				CLANG_CXX_LANGUAGE_STANDARD = "gnu++17";
				CLANG_CXX_LIBRARY = "libc++";
				CLANG_ENABLE_MODULES = YES;
				CLANG_ENABLE_OBJC_ARC = YES;
				CLANG_ENABLE_OBJC_WEAK = YES;
				CLANG_WARN_BLOCK_CAPTURE_AUTORELEASING = YES;
				CLANG_WARN_BOOL_CONVERSION = YES;
				CLANG_WARN_COMMA = YES;
				CLANG_WARN_CONSTANT_CONVERSION = YES;
				CLANG_WARN_DEPRECATED_OBJC_IMPLEMENTATIONS = YES;
				CLANG_WARN_DIRECT_OBJC_ISA_USAGE = YES_ERROR;
				CLANG_WARN_DOCUMENTATION_COMMENTS = YES;
				CLANG_WARN_EMPTY_BODY = YES;
				CLANG_WARN_ENUM_CONVERSION = YES;
				CLANG_WARN_INFINITE_RECURSION = YES;
				CLANG_WARN_INT_CONVERSION = YES;
				CLANG_WARN_NON_LITERAL_NULL_CONVERSION = YES;
				CLANG_WARN_OBJC_IMPLICIT_RETAIN_SELF = YES;
				CLANG_WARN_OBJC_LITERAL_CONVERSION = YES;
				CLANG_WARN_OBJC_ROOT_CLASS = YES_ERROR;
				CLANG_WARN_QUOTED_INCLUDE_IN_FRAMEWORK_HEADER = YES;
				CLANG_WARN_RANGE_LOOP_ANALYSIS = YES;
				CLANG_WARN_STRICT_PROTOTYPES = YES;
				CLANG_WARN_SUSPICIOUS_MOVE = YES;
				CLANG_WARN_UNGUARDED_AVAILABILITY = YES_AGGRESSIVE;
				CLANG_WARN_UNREACHABLE_CODE = YES;
				CLANG_WARN__DUPLICATE_METHOD_MATCH = YES;
				COPY_PHASE_STRIP = NO;
				DEBUG_INFORMATION_FORMAT = dwarf;
				ENABLE_STRICT_OBJC_MSGSEND = YES;
				ENABLE_TESTABILITY = YES;
				GCC_C_LANGUAGE_STANDARD = gnu11;
				GCC_DYNAMIC_NO_PIC = NO;
				GCC_NO_COMMON_BLOCKS = YES;
				GCC_OPTIMIZATION_LEVEL = 0;
				GCC_PREPROCESSOR_DEFINITIONS = (
					"DEBUG=1",
					"$(inherited)",
				);
				GCC_WARN_64_TO_32_BIT_CONVERSION = YES;
				GCC_WARN_ABOUT_RETURN_TYPE = YES_ERROR;
				GCC_WARN_UNDECLARED_SELECTOR = YES;
				GCC_WARN_UNINITIALIZED_AUTOS = YES_AGGRESSIVE;
				GCC_WARN_UNUSED_FUNCTION = YES;
				GCC_WARN_UNUSED_VARIABLE = YES;
				IPHONEOS_DEPLOYMENT_TARGET = 15.0;
				MTL_ENABLE_DEBUG_INFO = INCLUDE_SOURCE;
				MTL_FAST_MATH = YES;
				ONLY_ACTIVE_ARCH = YES;
				SDKROOT = iphoneos;
				SWIFT_ACTIVE_COMPILATION_CONDITIONS = DEBUG;
				SWIFT_OPTIMIZATION_LEVEL = "-Onone";
			};
			name = Debug;
		};
		4209469E2717217D001B7101 /* Release */ = {
			isa = XCBuildConfiguration;
			buildSettings = {
				ALWAYS_SEARCH_USER_PATHS = NO;
				CLANG_ANALYZER_NONNULL = YES;
				CLANG_ANALYZER_NUMBER_OBJECT_CONVERSION = YES_AGGRESSIVE;
				CLANG_CXX_LANGUAGE_STANDARD = "gnu++17";
				CLANG_CXX_LIBRARY = "libc++";
				CLANG_ENABLE_MODULES = YES;
				CLANG_ENABLE_OBJC_ARC = YES;
				CLANG_ENABLE_OBJC_WEAK = YES;
				CLANG_WARN_BLOCK_CAPTURE_AUTORELEASING = YES;
				CLANG_WARN_BOOL_CONVERSION = YES;
				CLANG_WARN_COMMA = YES;
				CLANG_WARN_CONSTANT_CONVERSION = YES;
				CLANG_WARN_DEPRECATED_OBJC_IMPLEMENTATIONS = YES;
				CLANG_WARN_DIRECT_OBJC_ISA_USAGE = YES_ERROR;
				CLANG_WARN_DOCUMENTATION_COMMENTS = YES;
				CLANG_WARN_EMPTY_BODY = YES;
				CLANG_WARN_ENUM_CONVERSION = YES;
				CLANG_WARN_INFINITE_RECURSION = YES;
				CLANG_WARN_INT_CONVERSION = YES;
				CLANG_WARN_NON_LITERAL_NULL_CONVERSION = YES;
				CLANG_WARN_OBJC_IMPLICIT_RETAIN_SELF = YES;
				CLANG_WARN_OBJC_LITERAL_CONVERSION = YES;
				CLANG_WARN_OBJC_ROOT_CLASS = YES_ERROR;
				CLANG_WARN_QUOTED_INCLUDE_IN_FRAMEWORK_HEADER = YES;
				CLANG_WARN_RANGE_LOOP_ANALYSIS = YES;
				CLANG_WARN_STRICT_PROTOTYPES = YES;
				CLANG_WARN_SUSPICIOUS_MOVE = YES;
				CLANG_WARN_UNGUARDED_AVAILABILITY = YES_AGGRESSIVE;
				CLANG_WARN_UNREACHABLE_CODE = YES;
				CLANG_WARN__DUPLICATE_METHOD_MATCH = YES;
				COPY_PHASE_STRIP = NO;
				DEBUG_INFORMATION_FORMAT = "dwarf-with-dsym";
				ENABLE_NS_ASSERTIONS = NO;
				ENABLE_STRICT_OBJC_MSGSEND = YES;
				GCC_C_LANGUAGE_STANDARD = gnu11;
				GCC_NO_COMMON_BLOCKS = YES;
				GCC_WARN_64_TO_32_BIT_CONVERSION = YES;
				GCC_WARN_ABOUT_RETURN_TYPE = YES_ERROR;
				GCC_WARN_UNDECLARED_SELECTOR = YES;
				GCC_WARN_UNINITIALIZED_AUTOS = YES_AGGRESSIVE;
				GCC_WARN_UNUSED_FUNCTION = YES;
				GCC_WARN_UNUSED_VARIABLE = YES;
				IPHONEOS_DEPLOYMENT_TARGET = 15.0;
				MTL_ENABLE_DEBUG_INFO = NO;
				MTL_FAST_MATH = YES;
				SDKROOT = iphoneos;
				SWIFT_COMPILATION_MODE = wholemodule;
				SWIFT_OPTIMIZATION_LEVEL = "-O";
				VALIDATE_PRODUCT = YES;
			};
			name = Release;
		};
		420946A02717217D001B7101 /* Debug */ = {
			isa = XCBuildConfiguration;
			buildSettings = {
				ASSETCATALOG_COMPILER_APPICON_NAME = AppIcon;
				ASSETCATALOG_COMPILER_GLOBAL_ACCENT_COLOR_NAME = AccentColor;
				CODE_SIGN_IDENTITY = "Apple Development";
				CODE_SIGN_STYLE = Automatic;
				CURRENT_PROJECT_VERSION = 1;
				DEVELOPMENT_TEAM = G58RYLFF5V;
				GENERATE_INFOPLIST_FILE = YES;
				INFOPLIST_FILE = "FallFix App/Info.plist";
				INFOPLIST_KEY_UIApplicationSupportsIndirectInputEvents = YES;
				INFOPLIST_KEY_UILaunchStoryboardName = LaunchScreen;
				INFOPLIST_KEY_UIMainStoryboardFile = Main;
				INFOPLIST_KEY_UISupportedInterfaceOrientations_iPad = "UIInterfaceOrientationPortrait UIInterfaceOrientationPortraitUpsideDown UIInterfaceOrientationLandscapeLeft UIInterfaceOrientationLandscapeRight";
				INFOPLIST_KEY_UISupportedInterfaceOrientations_iPhone = "UIInterfaceOrientationPortrait UIInterfaceOrientationLandscapeLeft UIInterfaceOrientationLandscapeRight";
				IPHONEOS_DEPLOYMENT_TARGET = 14.0;
				LD_RUNPATH_SEARCH_PATHS = (
					"$(inherited)",
					"@executable_path/Frameworks",
				);
				MARKETING_VERSION = 1.0;
				PRODUCT_BUNDLE_IDENTIFIER = "aryatschand.FallFix-App";
				PRODUCT_NAME = "$(TARGET_NAME)";
				PROVISIONING_PROFILE_SPECIFIER = "";
				SWIFT_EMIT_LOC_STRINGS = YES;
				SWIFT_VERSION = 5.0;
				TARGETED_DEVICE_FAMILY = "1,2";
			};
			name = Debug;
		};
		420946A12717217D001B7101 /* Release */ = {
			isa = XCBuildConfiguration;
			buildSettings = {
				ASSETCATALOG_COMPILER_APPICON_NAME = AppIcon;
				ASSETCATALOG_COMPILER_GLOBAL_ACCENT_COLOR_NAME = AccentColor;
				CODE_SIGN_IDENTITY = "Apple Development";
				CODE_SIGN_STYLE = Automatic;
				CURRENT_PROJECT_VERSION = 1;
				DEVELOPMENT_TEAM = G58RYLFF5V;
				GENERATE_INFOPLIST_FILE = YES;
				INFOPLIST_FILE = "FallFix App/Info.plist";
				INFOPLIST_KEY_UIApplicationSupportsIndirectInputEvents = YES;
				INFOPLIST_KEY_UILaunchStoryboardName = LaunchScreen;
				INFOPLIST_KEY_UIMainStoryboardFile = Main;
				INFOPLIST_KEY_UISupportedInterfaceOrientations_iPad = "UIInterfaceOrientationPortrait UIInterfaceOrientationPortraitUpsideDown UIInterfaceOrientationLandscapeLeft UIInterfaceOrientationLandscapeRight";
				INFOPLIST_KEY_UISupportedInterfaceOrientations_iPhone = "UIInterfaceOrientationPortrait UIInterfaceOrientationLandscapeLeft UIInterfaceOrientationLandscapeRight";
				IPHONEOS_DEPLOYMENT_TARGET = 14.0;
				LD_RUNPATH_SEARCH_PATHS = (
					"$(inherited)",
					"@executable_path/Frameworks",
				);
				MARKETING_VERSION = 1.0;
				PRODUCT_BUNDLE_IDENTIFIER = "aryatschand.FallFix-App";
				PRODUCT_NAME = "$(TARGET_NAME)";
				PROVISIONING_PROFILE_SPECIFIER = "";
				SWIFT_EMIT_LOC_STRINGS = YES;
				SWIFT_VERSION = 5.0;
				TARGETED_DEVICE_FAMILY = "1,2";
			};
			name = Release;
		};
		420946A32717217D001B7101 /* Debug */ = {
			isa = XCBuildConfiguration;
			buildSettings = {
				ALWAYS_EMBED_SWIFT_STANDARD_LIBRARIES = YES;
				BUNDLE_LOADER = "$(TEST_HOST)";
				CODE_SIGN_STYLE = Automatic;
				CURRENT_PROJECT_VERSION = 1;
				DEVELOPMENT_TEAM = G58RYLFF5V;
				GENERATE_INFOPLIST_FILE = YES;
				IPHONEOS_DEPLOYMENT_TARGET = 15.0;
				LD_RUNPATH_SEARCH_PATHS = (
					"$(inherited)",
					"@executable_path/Frameworks",
					"@loader_path/Frameworks",
				);
				MARKETING_VERSION = 1.0;
				PRODUCT_BUNDLE_IDENTIFIER = "aryatschand.FallFix-AppTests";
				PRODUCT_NAME = "$(TARGET_NAME)";
				SWIFT_EMIT_LOC_STRINGS = NO;
				SWIFT_VERSION = 5.0;
				TARGETED_DEVICE_FAMILY = "1,2";
				TEST_HOST = "$(BUILT_PRODUCTS_DIR)/FallFix App.app/FallFix App";
			};
			name = Debug;
		};
		420946A42717217D001B7101 /* Release */ = {
			isa = XCBuildConfiguration;
			buildSettings = {
				ALWAYS_EMBED_SWIFT_STANDARD_LIBRARIES = YES;
				BUNDLE_LOADER = "$(TEST_HOST)";
				CODE_SIGN_STYLE = Automatic;
				CURRENT_PROJECT_VERSION = 1;
				DEVELOPMENT_TEAM = G58RYLFF5V;
				GENERATE_INFOPLIST_FILE = YES;
				IPHONEOS_DEPLOYMENT_TARGET = 15.0;
				LD_RUNPATH_SEARCH_PATHS = (
					"$(inherited)",
					"@executable_path/Frameworks",
					"@loader_path/Frameworks",
				);
				MARKETING_VERSION = 1.0;
				PRODUCT_BUNDLE_IDENTIFIER = "aryatschand.FallFix-AppTests";
				PRODUCT_NAME = "$(TARGET_NAME)";
				SWIFT_EMIT_LOC_STRINGS = NO;
				SWIFT_VERSION = 5.0;
				TARGETED_DEVICE_FAMILY = "1,2";
				TEST_HOST = "$(BUILT_PRODUCTS_DIR)/FallFix App.app/FallFix App";
			};
			name = Release;
		};
		420946A62717217D001B7101 /* Debug */ = {
			isa = XCBuildConfiguration;
			buildSettings = {
				ALWAYS_EMBED_SWIFT_STANDARD_LIBRARIES = YES;
				CODE_SIGN_STYLE = Automatic;
				CURRENT_PROJECT_VERSION = 1;
				DEVELOPMENT_TEAM = G58RYLFF5V;
				GENERATE_INFOPLIST_FILE = YES;
				LD_RUNPATH_SEARCH_PATHS = (
					"$(inherited)",
					"@executable_path/Frameworks",
					"@loader_path/Frameworks",
				);
				MARKETING_VERSION = 1.0;
				PRODUCT_BUNDLE_IDENTIFIER = "aryatschand.FallFix-AppUITests";
				PRODUCT_NAME = "$(TARGET_NAME)";
				SWIFT_EMIT_LOC_STRINGS = NO;
				SWIFT_VERSION = 5.0;
				TARGETED_DEVICE_FAMILY = "1,2";
				TEST_TARGET_NAME = "FallFix App";
			};
			name = Debug;
		};
		420946A72717217D001B7101 /* Release */ = {
			isa = XCBuildConfiguration;
			buildSettings = {
				ALWAYS_EMBED_SWIFT_STANDARD_LIBRARIES = YES;
				CODE_SIGN_STYLE = Automatic;
				CURRENT_PROJECT_VERSION = 1;
				DEVELOPMENT_TEAM = G58RYLFF5V;
				GENERATE_INFOPLIST_FILE = YES;
				LD_RUNPATH_SEARCH_PATHS = (
					"$(inherited)",
					"@executable_path/Frameworks",
					"@loader_path/Frameworks",
				);
				MARKETING_VERSION = 1.0;
				PRODUCT_BUNDLE_IDENTIFIER = "aryatschand.FallFix-AppUITests";
				PRODUCT_NAME = "$(TARGET_NAME)";
				SWIFT_EMIT_LOC_STRINGS = NO;
				SWIFT_VERSION = 5.0;
				TARGETED_DEVICE_FAMILY = "1,2";
				TEST_TARGET_NAME = "FallFix App";
			};
			name = Release;
		};
/* End XCBuildConfiguration section */

/* Begin XCConfigurationList section */
		420946702717217A001B7101 /* Build configuration list for PBXProject "FallFix App" */ = {
			isa = XCConfigurationList;
			buildConfigurations = (
				4209469D2717217D001B7101 /* Debug */,
				4209469E2717217D001B7101 /* Release */,
			);
			defaultConfigurationIsVisible = 0;
			defaultConfigurationName = Release;
		};
		4209469F2717217D001B7101 /* Build configuration list for PBXNativeTarget "FallFix App" */ = {
			isa = XCConfigurationList;
			buildConfigurations = (
				420946A02717217D001B7101 /* Debug */,
				420946A12717217D001B7101 /* Release */,
			);
			defaultConfigurationIsVisible = 0;
			defaultConfigurationName = Release;
		};
		420946A22717217D001B7101 /* Build configuration list for PBXNativeTarget "FallFix AppTests" */ = {
			isa = XCConfigurationList;
			buildConfigurations = (
				420946A32717217D001B7101 /* Debug */,
				420946A42717217D001B7101 /* Release */,
			);
			defaultConfigurationIsVisible = 0;
			defaultConfigurationName = Release;
		};
		420946A52717217D001B7101 /* Build configuration list for PBXNativeTarget "FallFix AppUITests" */ = {
			isa = XCConfigurationList;
			buildConfigurations = (
				420946A62717217D001B7101 /* Debug */,
				420946A72717217D001B7101 /* Release */,
			);
			defaultConfigurationIsVisible = 0;
			defaultConfigurationName = Release;
		};
/* End XCConfigurationList section */
	};
	rootObject = 4209466D2717217A001B7101 /* Project object */;
}
